// !$*UTF8*$!
{
	archiveVersion = 1;
	classes = {
	};
	objectVersion = 50;
	objects = {

/* Begin PBXBuildFile section */
		0683A825229EAC7000F132B4 /* AppDelegate.swift in Sources */ = {isa = PBXBuildFile; fileRef = 0683A824229EAC7000F132B4 /* AppDelegate.swift */; };
		0683A827229EAC7000F132B4 /* ViewController.swift in Sources */ = {isa = PBXBuildFile; fileRef = 0683A826229EAC7000F132B4 /* ViewController.swift */; };
		0683A82C229EAC7100F132B4 /* Assets.xcassets in Resources */ = {isa = PBXBuildFile; fileRef = 0683A82B229EAC7100F132B4 /* Assets.xcassets */; };
		0683A82F229EAC7100F132B4 /* LaunchScreen.storyboard in Resources */ = {isa = PBXBuildFile; fileRef = 0683A82D229EAC7100F132B4 /* LaunchScreen.storyboard */; };
		0683A847229EAD4800F132B4 /* AppConfigurator.swift in Sources */ = {isa = PBXBuildFile; fileRef = 0683A846229EAD4800F132B4 /* AppConfigurator.swift */; };
		0683A849229EAE1000F132B4 /* AppConfiguratorTests.swift in Sources */ = {isa = PBXBuildFile; fileRef = 0683A848229EAE1000F132B4 /* AppConfiguratorTests.swift */; };
		0683A84C229EAEBC00F132B4 /* WindowSpy.swift in Sources */ = {isa = PBXBuildFile; fileRef = 0683A84B229EAEBC00F132B4 /* WindowSpy.swift */; };
/* End PBXBuildFile section */

/* Begin PBXContainerItemProxy section */
		0683A836229EAC7100F132B4 /* PBXContainerItemProxy */ = {
			isa = PBXContainerItemProxy;
			containerPortal = 0683A819229EAC7000F132B4 /* Project object */;
			proxyType = 1;
			remoteGlobalIDString = 0683A820229EAC7000F132B4;
			remoteInfo = TDDLottery;
		};
/* End PBXContainerItemProxy section */

/* Begin PBXFileReference section */
		0683A821229EAC7000F132B4 /* TDDLottery.app */ = {isa = PBXFileReference; explicitFileType = wrapper.application; includeInIndex = 0; path = TDDLottery.app; sourceTree = BUILT_PRODUCTS_DIR; };
		0683A824229EAC7000F132B4 /* AppDelegate.swift */ = {isa = PBXFileReference; lastKnownFileType = sourcecode.swift; path = AppDelegate.swift; sourceTree = "<group>"; };
		0683A826229EAC7000F132B4 /* ViewController.swift */ = {isa = PBXFileReference; lastKnownFileType = sourcecode.swift; path = ViewController.swift; sourceTree = "<group>"; };
		0683A82B229EAC7100F132B4 /* Assets.xcassets */ = {isa = PBXFileReference; lastKnownFileType = folder.assetcatalog; path = Assets.xcassets; sourceTree = "<group>"; };
		0683A82E229EAC7100F132B4 /* Base */ = {isa = PBXFileReference; lastKnownFileType = file.storyboard; name = Base; path = Base.lproj/LaunchScreen.storyboard; sourceTree = "<group>"; };
		0683A830229EAC7100F132B4 /* Info.plist */ = {isa = PBXFileReference; lastKnownFileType = text.plist.xml; path = Info.plist; sourceTree = "<group>"; };
		0683A835229EAC7100F132B4 /* TDDLotteryTests.xctest */ = {isa = PBXFileReference; explicitFileType = wrapper.cfbundle; includeInIndex = 0; path = TDDLotteryTests.xctest; sourceTree = BUILT_PRODUCTS_DIR; };
		0683A83B229EAC7100F132B4 /* Info.plist */ = {isa = PBXFileReference; lastKnownFileType = text.plist.xml; path = Info.plist; sourceTree = "<group>"; };
		0683A846229EAD4800F132B4 /* AppConfigurator.swift */ = {isa = PBXFileReference; lastKnownFileType = sourcecode.swift; path = AppConfigurator.swift; sourceTree = "<group>"; };
		0683A848229EAE1000F132B4 /* AppConfiguratorTests.swift */ = {isa = PBXFileReference; lastKnownFileType = sourcecode.swift; path = AppConfiguratorTests.swift; sourceTree = "<group>"; };
		0683A84B229EAEBC00F132B4 /* WindowSpy.swift */ = {isa = PBXFileReference; lastKnownFileType = sourcecode.swift; path = WindowSpy.swift; sourceTree = "<group>"; };
/* End PBXFileReference section */

/* Begin PBXFrameworksBuildPhase section */
		0683A81E229EAC7000F132B4 /* Frameworks */ = {
			isa = PBXFrameworksBuildPhase;
			buildActionMask = 2147483647;
			files = (
			);
			runOnlyForDeploymentPostprocessing = 0;
		};
		0683A832229EAC7100F132B4 /* Frameworks */ = {
			isa = PBXFrameworksBuildPhase;
			buildActionMask = 2147483647;
			files = (
			);
			runOnlyForDeploymentPostprocessing = 0;
		};
/* End PBXFrameworksBuildPhase section */

/* Begin PBXGroup section */
		0683A818229EAC7000F132B4 = {
			isa = PBXGroup;
			children = (
				0683A823229EAC7000F132B4 /* TDDLottery */,
				0683A838229EAC7100F132B4 /* TDDLotteryTests */,
				0683A822229EAC7000F132B4 /* Products */,
			);
			sourceTree = "<group>";
		};
		0683A822229EAC7000F132B4 /* Products */ = {
			isa = PBXGroup;
			children = (
				0683A821229EAC7000F132B4 /* TDDLottery.app */,
				0683A835229EAC7100F132B4 /* TDDLotteryTests.xctest */,
			);
			name = Products;
			sourceTree = "<group>";
		};
		0683A823229EAC7000F132B4 /* TDDLottery */ = {
			isa = PBXGroup;
			children = (
				0683A844229EAD2200F132B4 /* Application */,
				0683A826229EAC7000F132B4 /* ViewController.swift */,
				0683A82B229EAC7100F132B4 /* Assets.xcassets */,
				0683A82D229EAC7100F132B4 /* LaunchScreen.storyboard */,
				0683A830229EAC7100F132B4 /* Info.plist */,
			);
			path = TDDLottery;
			sourceTree = "<group>";
		};
		0683A838229EAC7100F132B4 /* TDDLotteryTests */ = {
			isa = PBXGroup;
			children = (
				0683A845229EAD2D00F132B4 /* Application */,
				0683A83B229EAC7100F132B4 /* Info.plist */,
			);
			path = TDDLotteryTests;
			sourceTree = "<group>";
		};
		0683A844229EAD2200F132B4 /* Application */ = {
			isa = PBXGroup;
			children = (
				0683A824229EAC7000F132B4 /* AppDelegate.swift */,
				0683A846229EAD4800F132B4 /* AppConfigurator.swift */,
			);
			path = Application;
			sourceTree = "<group>";
		};
		0683A845229EAD2D00F132B4 /* Application */ = {
			isa = PBXGroup;
			children = (
				0683A84A229EAEAF00F132B4 /* Doubles */,
				0683A848229EAE1000F132B4 /* AppConfiguratorTests.swift */,
			);
			path = Application;
			sourceTree = "<group>";
		};
		0683A84A229EAEAF00F132B4 /* Doubles */ = {
			isa = PBXGroup;
			children = (
				0683A84B229EAEBC00F132B4 /* WindowSpy.swift */,
			);
			path = Doubles;
			sourceTree = "<group>";
		};
/* End PBXGroup section */

/* Begin PBXNativeTarget section */
		0683A820229EAC7000F132B4 /* TDDLottery */ = {
			isa = PBXNativeTarget;
			buildConfigurationList = 0683A83E229EAC7100F132B4 /* Build configuration list for PBXNativeTarget "TDDLottery" */;
			buildPhases = (
				0683A81D229EAC7000F132B4 /* Sources */,
				0683A81E229EAC7000F132B4 /* Frameworks */,
				0683A81F229EAC7000F132B4 /* Resources */,
			);
			buildRules = (
			);
			dependencies = (
			);
			name = TDDLottery;
			productName = TDDLottery;
			productReference = 0683A821229EAC7000F132B4 /* TDDLottery.app */;
			productType = "com.apple.product-type.application";
		};
		0683A834229EAC7100F132B4 /* TDDLotteryTests */ = {
			isa = PBXNativeTarget;
			buildConfigurationList = 0683A841229EAC7100F132B4 /* Build configuration list for PBXNativeTarget "TDDLotteryTests" */;
			buildPhases = (
				0683A831229EAC7100F132B4 /* Sources */,
				0683A832229EAC7100F132B4 /* Frameworks */,
				0683A833229EAC7100F132B4 /* Resources */,
			);
			buildRules = (
			);
			dependencies = (
				0683A837229EAC7100F132B4 /* PBXTargetDependency */,
			);
			name = TDDLotteryTests;
			productName = TDDLotteryTests;
			productReference = 0683A835229EAC7100F132B4 /* TDDLotteryTests.xctest */;
			productType = "com.apple.product-type.bundle.unit-test";
		};
/* End PBXNativeTarget section */

/* Begin PBXProject section */
		0683A819229EAC7000F132B4 /* Project object */ = {
			isa = PBXProject;
			attributes = {
				LastSwiftUpdateCheck = 1020;
				LastUpgradeCheck = 1020;
				ORGANIZATIONNAME = "Bartlomiej Guminiak";
				TargetAttributes = {
					0683A820229EAC7000F132B4 = {
						CreatedOnToolsVersion = 10.2.1;
					};
					0683A834229EAC7100F132B4 = {
						CreatedOnToolsVersion = 10.2.1;
						LastSwiftMigration = 1020;
						TestTargetID = 0683A820229EAC7000F132B4;
					};
				};
			};
			buildConfigurationList = 0683A81C229EAC7000F132B4 /* Build configuration list for PBXProject "TDDLottery" */;
			compatibilityVersion = "Xcode 9.3";
			developmentRegion = en;
			hasScannedForEncodings = 0;
			knownRegions = (
				en,
				Base,
			);
			mainGroup = 0683A818229EAC7000F132B4;
			productRefGroup = 0683A822229EAC7000F132B4 /* Products */;
			projectDirPath = "";
			projectRoot = "";
			targets = (
				0683A820229EAC7000F132B4 /* TDDLottery */,
				0683A834229EAC7100F132B4 /* TDDLotteryTests */,
			);
		};
/* End PBXProject section */

/* Begin PBXResourcesBuildPhase section */
		0683A81F229EAC7000F132B4 /* Resources */ = {
			isa = PBXResourcesBuildPhase;
			buildActionMask = 2147483647;
			files = (
				0683A82F229EAC7100F132B4 /* LaunchScreen.storyboard in Resources */,
				0683A82C229EAC7100F132B4 /* Assets.xcassets in Resources */,
			);
			runOnlyForDeploymentPostprocessing = 0;
		};
		0683A833229EAC7100F132B4 /* Resources */ = {
			isa = PBXResourcesBuildPhase;
			buildActionMask = 2147483647;
			files = (
			);
			runOnlyForDeploymentPostprocessing = 0;
		};
/* End PBXResourcesBuildPhase section */

/* Begin PBXSourcesBuildPhase section */
		0683A81D229EAC7000F132B4 /* Sources */ = {
			isa = PBXSourcesBuildPhase;
			buildActionMask = 2147483647;
			files = (
				0683A827229EAC7000F132B4 /* ViewController.swift in Sources */,
				0683A825229EAC7000F132B4 /* AppDelegate.swift in Sources */,
				0683A847229EAD4800F132B4 /* AppConfigurator.swift in Sources */,
			);
			runOnlyForDeploymentPostprocessing = 0;
		};
		0683A831229EAC7100F132B4 /* Sources */ = {
			isa = PBXSourcesBuildPhase;
			buildActionMask = 2147483647;
			files = (
				0683A84C229EAEBC00F132B4 /* WindowSpy.swift in Sources */,
				0683A849229EAE1000F132B4 /* AppConfiguratorTests.swift in Sources */,
			);
			runOnlyForDeploymentPostprocessing = 0;
		};
/* End PBXSourcesBuildPhase section */

/* Begin PBXTargetDependency section */
		0683A837229EAC7100F132B4 /* PBXTargetDependency */ = {
			isa = PBXTargetDependency;
			target = 0683A820229EAC7000F132B4 /* TDDLottery */;
			targetProxy = 0683A836229EAC7100F132B4 /* PBXContainerItemProxy */;
		};
/* End PBXTargetDependency section */

/* Begin PBXVariantGroup section */
		0683A82D229EAC7100F132B4 /* LaunchScreen.storyboard */ = {
			isa = PBXVariantGroup;
			children = (
				0683A82E229EAC7100F132B4 /* Base */,
			);
			name = LaunchScreen.storyboard;
			sourceTree = "<group>";
		};
/* End PBXVariantGroup section */

/* Begin XCBuildConfiguration section */
		0683A83C229EAC7100F132B4 /* Debug */ = {
			isa = XCBuildConfiguration;
			buildSettings = {
				ALWAYS_SEARCH_USER_PATHS = NO;
				CLANG_ANALYZER_NONNULL = YES;
				CLANG_ANALYZER_NUMBER_OBJECT_CONVERSION = YES_AGGRESSIVE;
				CLANG_CXX_LANGUAGE_STANDARD = "gnu++14";
				CLANG_CXX_LIBRARY = "libc++";
				CLANG_ENABLE_MODULES = YES;
				CLANG_ENABLE_OBJC_ARC = YES;
				CLANG_ENABLE_OBJC_WEAK = YES;
				CLANG_WARN_BLOCK_CAPTURE_AUTORELEASING = YES;
				CLANG_WARN_BOOL_CONVERSION = YES;
				CLANG_WARN_COMMA = YES;
				CLANG_WARN_CONSTANT_CONVERSION = YES;
				CLANG_WARN_DEPRECATED_OBJC_IMPLEMENTATIONS = YES;
				CLANG_WARN_DIRECT_OBJC_ISA_USAGE = YES_ERROR;
				CLANG_WARN_DOCUMENTATION_COMMENTS = YES;
				CLANG_WARN_EMPTY_BODY = YES;
				CLANG_WARN_ENUM_CONVERSION = YES;
				CLANG_WARN_INFINITE_RECURSION = YES;
				CLANG_WARN_INT_CONVERSION = YES;
				CLANG_WARN_NON_LITERAL_NULL_CONVERSION = YES;
				CLANG_WARN_OBJC_IMPLICIT_RETAIN_SELF = YES;
				CLANG_WARN_OBJC_LITERAL_CONVERSION = YES;
				CLANG_WARN_OBJC_ROOT_CLASS = YES_ERROR;
				CLANG_WARN_RANGE_LOOP_ANALYSIS = YES;
				CLANG_WARN_STRICT_PROTOTYPES = YES;
				CLANG_WARN_SUSPICIOUS_MOVE = YES;
				CLANG_WARN_UNGUARDED_AVAILABILITY = YES_AGGRESSIVE;
				CLANG_WARN_UNREACHABLE_CODE = YES;
				CLANG_WARN__DUPLICATE_METHOD_MATCH = YES;
				CODE_SIGN_IDENTITY = "iPhone Developer";
				COPY_PHASE_STRIP = NO;
				DEBUG_INFORMATION_FORMAT = dwarf;
				ENABLE_STRICT_OBJC_MSGSEND = YES;
				ENABLE_TESTABILITY = YES;
				GCC_C_LANGUAGE_STANDARD = gnu11;
				GCC_DYNAMIC_NO_PIC = NO;
				GCC_NO_COMMON_BLOCKS = YES;
				GCC_OPTIMIZATION_LEVEL = 0;
				GCC_PREPROCESSOR_DEFINITIONS = (
					"DEBUG=1",
					"$(inherited)",
				);
				GCC_WARN_64_TO_32_BIT_CONVERSION = YES;
				GCC_WARN_ABOUT_RETURN_TYPE = YES_ERROR;
				GCC_WARN_UNDECLARED_SELECTOR = YES;
				GCC_WARN_UNINITIALIZED_AUTOS = YES_AGGRESSIVE;
				GCC_WARN_UNUSED_FUNCTION = YES;
				GCC_WARN_UNUSED_VARIABLE = YES;
				IPHONEOS_DEPLOYMENT_TARGET = 12.2;
				MTL_ENABLE_DEBUG_INFO = INCLUDE_SOURCE;
				MTL_FAST_MATH = YES;
				ONLY_ACTIVE_ARCH = YES;
				SDKROOT = iphoneos;
				SWIFT_ACTIVE_COMPILATION_CONDITIONS = DEBUG;
				SWIFT_OPTIMIZATION_LEVEL = "-Onone";
			};
			name = Debug;
		};
		0683A83D229EAC7100F132B4 /* Release */ = {
			isa = XCBuildConfiguration;
			buildSettings = {
				ALWAYS_SEARCH_USER_PATHS = NO;
				CLANG_ANALYZER_NONNULL = YES;
				CLANG_ANALYZER_NUMBER_OBJECT_CONVERSION = YES_AGGRESSIVE;
				CLANG_CXX_LANGUAGE_STANDARD = "gnu++14";
				CLANG_CXX_LIBRARY = "libc++";
				CLANG_ENABLE_MODULES = YES;
				CLANG_ENABLE_OBJC_ARC = YES;
				CLANG_ENABLE_OBJC_WEAK = YES;
				CLANG_WARN_BLOCK_CAPTURE_AUTORELEASING = YES;
				CLANG_WARN_BOOL_CONVERSION = YES;
				CLANG_WARN_COMMA = YES;
				CLANG_WARN_CONSTANT_CONVERSION = YES;
				CLANG_WARN_DEPRECATED_OBJC_IMPLEMENTATIONS = YES;
				CLANG_WARN_DIRECT_OBJC_ISA_USAGE = YES_ERROR;
				CLANG_WARN_DOCUMENTATION_COMMENTS = YES;
				CLANG_WARN_EMPTY_BODY = YES;
				CLANG_WARN_ENUM_CONVERSION = YES;
				CLANG_WARN_INFINITE_RECURSION = YES;
				CLANG_WARN_INT_CONVERSION = YES;
				CLANG_WARN_NON_LITERAL_NULL_CONVERSION = YES;
				CLANG_WARN_OBJC_IMPLICIT_RETAIN_SELF = YES;
				CLANG_WARN_OBJC_LITERAL_CONVERSION = YES;
				CLANG_WARN_OBJC_ROOT_CLASS = YES_ERROR;
				CLANG_WARN_RANGE_LOOP_ANALYSIS = YES;
				CLANG_WARN_STRICT_PROTOTYPES = YES;
				CLANG_WARN_SUSPICIOUS_MOVE = YES;
				CLANG_WARN_UNGUARDED_AVAILABILITY = YES_AGGRESSIVE;
				CLANG_WARN_UNREACHABLE_CODE = YES;
				CLANG_WARN__DUPLICATE_METHOD_MATCH = YES;
				CODE_SIGN_IDENTITY = "iPhone Developer";
				COPY_PHASE_STRIP = NO;
				DEBUG_INFORMATION_FORMAT = "dwarf-with-dsym";
				ENABLE_NS_ASSERTIONS = NO;
				ENABLE_STRICT_OBJC_MSGSEND = YES;
				GCC_C_LANGUAGE_STANDARD = gnu11;
				GCC_NO_COMMON_BLOCKS = YES;
				GCC_WARN_64_TO_32_BIT_CONVERSION = YES;
				GCC_WARN_ABOUT_RETURN_TYPE = YES_ERROR;
				GCC_WARN_UNDECLARED_SELECTOR = YES;
				GCC_WARN_UNINITIALIZED_AUTOS = YES_AGGRESSIVE;
				GCC_WARN_UNUSED_FUNCTION = YES;
				GCC_WARN_UNUSED_VARIABLE = YES;
				IPHONEOS_DEPLOYMENT_TARGET = 12.2;
				MTL_ENABLE_DEBUG_INFO = NO;
				MTL_FAST_MATH = YES;
				SDKROOT = iphoneos;
				SWIFT_COMPILATION_MODE = wholemodule;
				SWIFT_OPTIMIZATION_LEVEL = "-O";
				VALIDATE_PRODUCT = YES;
			};
			name = Release;
		};
		0683A83F229EAC7100F132B4 /* Debug */ = {
			isa = XCBuildConfiguration;
			buildSettings = {
				ASSETCATALOG_COMPILER_APPICON_NAME = AppIcon;
				CODE_SIGN_STYLE = Automatic;
				INFOPLIST_FILE = TDDLottery/Info.plist;
				LD_RUNPATH_SEARCH_PATHS = (
					"$(inherited)",
					"@executable_path/Frameworks",
				);
				PRODUCT_BUNDLE_IDENTIFIER = com.test.TDDLottery;
				PRODUCT_NAME = "$(TARGET_NAME)";
				SWIFT_VERSION = 5.0;
				TARGETED_DEVICE_FAMILY = "1,2";
			};
			name = Debug;
		};
		0683A840229EAC7100F132B4 /* Release */ = {
			isa = XCBuildConfiguration;
			buildSettings = {
				ASSETCATALOG_COMPILER_APPICON_NAME = AppIcon;
				CODE_SIGN_STYLE = Automatic;
				INFOPLIST_FILE = TDDLottery/Info.plist;
				LD_RUNPATH_SEARCH_PATHS = (
					"$(inherited)",
					"@executable_path/Frameworks",
				);
				PRODUCT_BUNDLE_IDENTIFIER = com.test.TDDLottery;
				PRODUCT_NAME = "$(TARGET_NAME)";
				SWIFT_VERSION = 5.0;
				TARGETED_DEVICE_FAMILY = "1,2";
			};
			name = Release;
		};
		0683A842229EAC7100F132B4 /* Debug */ = {
			isa = XCBuildConfiguration;
			buildSettings = {
				ALWAYS_EMBED_SWIFT_STANDARD_LIBRARIES = YES;
				BUNDLE_LOADER = "$(TEST_HOST)";
				CLANG_ENABLE_MODULES = YES;
				CODE_SIGN_STYLE = Automatic;
				INFOPLIST_FILE = TDDLotteryTests/Info.plist;
				LD_RUNPATH_SEARCH_PATHS = (
					"$(inherited)",
					"@executable_path/Frameworks",
					"@loader_path/Frameworks",
				);
				PRODUCT_BUNDLE_IDENTIFIER = com.test.TDDLotteryTests;
				PRODUCT_NAME = "$(TARGET_NAME)";
				SWIFT_OPTIMIZATION_LEVEL = "-Onone";
				SWIFT_VERSION = 5.0;
				TARGETED_DEVICE_FAMILY = "1,2";
				TEST_HOST = "$(BUILT_PRODUCTS_DIR)/TDDLottery.app/TDDLottery";
			};
			name = Debug;
		};
		0683A843229EAC7100F132B4 /* Release */ = {
			isa = XCBuildConfiguration;
			buildSettings = {
				ALWAYS_EMBED_SWIFT_STANDARD_LIBRARIES = YES;
				BUNDLE_LOADER = "$(TEST_HOST)";
				CLANG_ENABLE_MODULES = YES;
				CODE_SIGN_STYLE = Automatic;
				INFOPLIST_FILE = TDDLotteryTests/Info.plist;
				LD_RUNPATH_SEARCH_PATHS = (
					"$(inherited)",
					"@executable_path/Frameworks",
					"@loader_path/Frameworks",
				);
				PRODUCT_BUNDLE_IDENTIFIER = com.test.TDDLotteryTests;
				PRODUCT_NAME = "$(TARGET_NAME)";
				SWIFT_VERSION = 5.0;
				TARGETED_DEVICE_FAMILY = "1,2";
				TEST_HOST = "$(BUILT_PRODUCTS_DIR)/TDDLottery.app/TDDLottery";
			};
			name = Release;
		};
/* End XCBuildConfiguration section */

/* Begin XCConfigurationList section */
		0683A81C229EAC7000F132B4 /* Build configuration list for PBXProject "TDDLottery" */ = {
			isa = XCConfigurationList;
			buildConfigurations = (
				0683A83C229EAC7100F132B4 /* Debug */,
				0683A83D229EAC7100F132B4 /* Release */,
			);
			defaultConfigurationIsVisible = 0;
			defaultConfigurationName = Release;
		};
		0683A83E229EAC7100F132B4 /* Build configuration list for PBXNativeTarget "TDDLottery" */ = {
			isa = XCConfigurationList;
			buildConfigurations = (
				0683A83F229EAC7100F132B4 /* Debug */,
				0683A840229EAC7100F132B4 /* Release */,
			);
			defaultConfigurationIsVisible = 0;
			defaultConfigurationName = Release;
		};
		0683A841229EAC7100F132B4 /* Build configuration list for PBXNativeTarget "TDDLotteryTests" */ = {
			isa = XCConfigurationList;
			buildConfigurations = (
				0683A842229EAC7100F132B4 /* Debug */,
				0683A843229EAC7100F132B4 /* Release */,
			);
			defaultConfigurationIsVisible = 0;
			defaultConfigurationName = Release;
		};
/* End XCConfigurationList section */
	};
	rootObject = 0683A819229EAC7000F132B4 /* Project object */;
}
